// !$*UTF8*$!
{
	archiveVersion = 1;
	classes = {
	};
	objectVersion = 56;
	objects = {

/* Begin PBXBuildFile section */
		F9AC84122B83E15F007AC135 /* Realm in Frameworks */ = {isa = PBXBuildFile; productRef = F9AC84112B83E15F007AC135 /* Realm */; };
		F9AC84142B83E15F007AC135 /* RealmSwift in Frameworks */ = {isa = PBXBuildFile; productRef = F9AC84132B83E15F007AC135 /* RealmSwift */; };
		F9AC84172B83E1A1007AC135 /* Group.swift in Sources */ = {isa = PBXBuildFile; fileRef = F9AC84162B83E1A1007AC135 /* Group.swift */; };
		F9AC84192B83E1AA007AC135 /* Item.swift in Sources */ = {isa = PBXBuildFile; fileRef = F9AC84182B83E1AA007AC135 /* Item.swift */; };
		F9B614682B7F96A200DA8137 /* Main.swift in Sources */ = {isa = PBXBuildFile; fileRef = F9B614672B7F96A200DA8137 /* Main.swift */; };
		F9B6146A2B7F96A200DA8137 /* HomeView.swift in Sources */ = {isa = PBXBuildFile; fileRef = F9B614692B7F96A200DA8137 /* HomeView.swift */; };
		F9B6146C2B7F96A500DA8137 /* Assets.xcassets in Resources */ = {isa = PBXBuildFile; fileRef = F9B6146B2B7F96A500DA8137 /* Assets.xcassets */; };
		F9B6146F2B7F96A500DA8137 /* Preview Assets.xcassets in Resources */ = {isa = PBXBuildFile; fileRef = F9B6146E2B7F96A500DA8137 /* Preview Assets.xcassets */; };
		F9B614792B7F96A500DA8137 /* ObservableRealmTests.swift in Sources */ = {isa = PBXBuildFile; fileRef = F9B614782B7F96A500DA8137 /* ObservableRealmTests.swift */; };
		F9B614832B7F96A500DA8137 /* ObservableRealmUITests.swift in Sources */ = {isa = PBXBuildFile; fileRef = F9B614822B7F96A500DA8137 /* ObservableRealmUITests.swift */; };
		F9B614852B7F96A500DA8137 /* ObservableRealmUITestsLaunchTests.swift in Sources */ = {isa = PBXBuildFile; fileRef = F9B614842B7F96A500DA8137 /* ObservableRealmUITestsLaunchTests.swift */; };
/* End PBXBuildFile section */

/* Begin PBXContainerItemProxy section */
		F9B614752B7F96A500DA8137 /* PBXContainerItemProxy */ = {
			isa = PBXContainerItemProxy;
			containerPortal = F9B6145C2B7F96A200DA8137 /* Project object */;
			proxyType = 1;
			remoteGlobalIDString = F9B614632B7F96A200DA8137;
			remoteInfo = ObservableRealm;
		};
		F9B6147F2B7F96A500DA8137 /* PBXContainerItemProxy */ = {
			isa = PBXContainerItemProxy;
			containerPortal = F9B6145C2B7F96A200DA8137 /* Project object */;
			proxyType = 1;
			remoteGlobalIDString = F9B614632B7F96A200DA8137;
			remoteInfo = ObservableRealm;
		};
/* End PBXContainerItemProxy section */

/* Begin PBXFileReference section */
		F9AC84162B83E1A1007AC135 /* Group.swift */ = {isa = PBXFileReference; lastKnownFileType = sourcecode.swift; path = Group.swift; sourceTree = "<group>"; };
		F9AC84182B83E1AA007AC135 /* Item.swift */ = {isa = PBXFileReference; lastKnownFileType = sourcecode.swift; path = Item.swift; sourceTree = "<group>"; };
		F9B614642B7F96A200DA8137 /* ObservableRealm.app */ = {isa = PBXFileReference; explicitFileType = wrapper.application; includeInIndex = 0; path = ObservableRealm.app; sourceTree = BUILT_PRODUCTS_DIR; };
		F9B614672B7F96A200DA8137 /* Main.swift */ = {isa = PBXFileReference; lastKnownFileType = sourcecode.swift; path = Main.swift; sourceTree = "<group>"; };
		F9B614692B7F96A200DA8137 /* HomeView.swift */ = {isa = PBXFileReference; lastKnownFileType = sourcecode.swift; path = HomeView.swift; sourceTree = "<group>"; };
		F9B6146B2B7F96A500DA8137 /* Assets.xcassets */ = {isa = PBXFileReference; lastKnownFileType = folder.assetcatalog; path = Assets.xcassets; sourceTree = "<group>"; };
		F9B6146E2B7F96A500DA8137 /* Preview Assets.xcassets */ = {isa = PBXFileReference; lastKnownFileType = folder.assetcatalog; path = "Preview Assets.xcassets"; sourceTree = "<group>"; };
		F9B614742B7F96A500DA8137 /* ObservableRealmTests.xctest */ = {isa = PBXFileReference; explicitFileType = wrapper.cfbundle; includeInIndex = 0; path = ObservableRealmTests.xctest; sourceTree = BUILT_PRODUCTS_DIR; };
		F9B614782B7F96A500DA8137 /* ObservableRealmTests.swift */ = {isa = PBXFileReference; lastKnownFileType = sourcecode.swift; path = ObservableRealmTests.swift; sourceTree = "<group>"; };
		F9B6147E2B7F96A500DA8137 /* ObservableRealmUITests.xctest */ = {isa = PBXFileReference; explicitFileType = wrapper.cfbundle; includeInIndex = 0; path = ObservableRealmUITests.xctest; sourceTree = BUILT_PRODUCTS_DIR; };
		F9B614822B7F96A500DA8137 /* ObservableRealmUITests.swift */ = {isa = PBXFileReference; lastKnownFileType = sourcecode.swift; path = ObservableRealmUITests.swift; sourceTree = "<group>"; };
		F9B614842B7F96A500DA8137 /* ObservableRealmUITestsLaunchTests.swift */ = {isa = PBXFileReference; lastKnownFileType = sourcecode.swift; path = ObservableRealmUITestsLaunchTests.swift; sourceTree = "<group>"; };
/* End PBXFileReference section */

/* Begin PBXFrameworksBuildPhase section */
		F9B614612B7F96A200DA8137 /* Frameworks */ = {
			isa = PBXFrameworksBuildPhase;
			buildActionMask = 2147483647;
			files = (
				F9AC84142B83E15F007AC135 /* RealmSwift in Frameworks */,
				F9AC84122B83E15F007AC135 /* Realm in Frameworks */,
			);
			runOnlyForDeploymentPostprocessing = 0;
		};
		F9B614712B7F96A500DA8137 /* Frameworks */ = {
			isa = PBXFrameworksBuildPhase;
			buildActionMask = 2147483647;
			files = (
			);
			runOnlyForDeploymentPostprocessing = 0;
		};
		F9B6147B2B7F96A500DA8137 /* Frameworks */ = {
			isa = PBXFrameworksBuildPhase;
			buildActionMask = 2147483647;
			files = (
			);
			runOnlyForDeploymentPostprocessing = 0;
		};
/* End PBXFrameworksBuildPhase section */

/* Begin PBXGroup section */
		F9AC84152B83E194007AC135 /* Models */ = {
			isa = PBXGroup;
			children = (
				F9AC84162B83E1A1007AC135 /* Group.swift */,
				F9AC84182B83E1AA007AC135 /* Item.swift */,
			);
			path = Models;
			sourceTree = "<group>";
		};
		F9B6145B2B7F96A200DA8137 = {
			isa = PBXGroup;
			children = (
				F9B614662B7F96A200DA8137 /* ObservableRealm */,
				F9B614772B7F96A500DA8137 /* ObservableRealmTests */,
				F9B614812B7F96A500DA8137 /* ObservableRealmUITests */,
				F9B614652B7F96A200DA8137 /* Products */,
			);
			sourceTree = "<group>";
		};
		F9B614652B7F96A200DA8137 /* Products */ = {
			isa = PBXGroup;
			children = (
				F9B614642B7F96A200DA8137 /* ObservableRealm.app */,
				F9B614742B7F96A500DA8137 /* ObservableRealmTests.xctest */,
				F9B6147E2B7F96A500DA8137 /* ObservableRealmUITests.xctest */,
			);
			name = Products;
			sourceTree = "<group>";
		};
		F9B614662B7F96A200DA8137 /* ObservableRealm */ = {
			isa = PBXGroup;
			children = (
				F9AC84152B83E194007AC135 /* Models */,
				F9B614672B7F96A200DA8137 /* Main.swift */,
				F9B614692B7F96A200DA8137 /* HomeView.swift */,
				F9B6146B2B7F96A500DA8137 /* Assets.xcassets */,
				F9B6146D2B7F96A500DA8137 /* Preview Content */,
			);
			path = ObservableRealm;
			sourceTree = "<group>";
		};
		F9B6146D2B7F96A500DA8137 /* Preview Content */ = {
			isa = PBXGroup;
			children = (
				F9B6146E2B7F96A500DA8137 /* Preview Assets.xcassets */,
			);
			path = "Preview Content";
			sourceTree = "<group>";
		};
		F9B614772B7F96A500DA8137 /* ObservableRealmTests */ = {
			isa = PBXGroup;
			children = (
				F9B614782B7F96A500DA8137 /* ObservableRealmTests.swift */,
			);
			path = ObservableRealmTests;
			sourceTree = "<group>";
		};
		F9B614812B7F96A500DA8137 /* ObservableRealmUITests */ = {
			isa = PBXGroup;
			children = (
				F9B614822B7F96A500DA8137 /* ObservableRealmUITests.swift */,
				F9B614842B7F96A500DA8137 /* ObservableRealmUITestsLaunchTests.swift */,
			);
			path = ObservableRealmUITests;
			sourceTree = "<group>";
		};
/* End PBXGroup section */

/* Begin PBXNativeTarget section */
		F9B614632B7F96A200DA8137 /* ObservableRealm */ = {
			isa = PBXNativeTarget;
			buildConfigurationList = F9B614882B7F96A500DA8137 /* Build configuration list for PBXNativeTarget "ObservableRealm" */;
			buildPhases = (
				F9B614602B7F96A200DA8137 /* Sources */,
				F9B614612B7F96A200DA8137 /* Frameworks */,
				F9B614622B7F96A200DA8137 /* Resources */,
			);
			buildRules = (
			);
			dependencies = (
			);
			name = ObservableRealm;
			packageProductDependencies = (
				F9AC84112B83E15F007AC135 /* Realm */,
				F9AC84132B83E15F007AC135 /* RealmSwift */,
			);
			productName = ObservableRealm;
			productReference = F9B614642B7F96A200DA8137 /* ObservableRealm.app */;
			productType = "com.apple.product-type.application";
		};
		F9B614732B7F96A500DA8137 /* ObservableRealmTests */ = {
			isa = PBXNativeTarget;
			buildConfigurationList = F9B6148B2B7F96A500DA8137 /* Build configuration list for PBXNativeTarget "ObservableRealmTests" */;
			buildPhases = (
				F9B614702B7F96A500DA8137 /* Sources */,
				F9B614712B7F96A500DA8137 /* Frameworks */,
				F9B614722B7F96A500DA8137 /* Resources */,
			);
			buildRules = (
			);
			dependencies = (
				F9B614762B7F96A500DA8137 /* PBXTargetDependency */,
			);
			name = ObservableRealmTests;
			productName = ObservableRealmTests;
			productReference = F9B614742B7F96A500DA8137 /* ObservableRealmTests.xctest */;
			productType = "com.apple.product-type.bundle.unit-test";
		};
		F9B6147D2B7F96A500DA8137 /* ObservableRealmUITests */ = {
			isa = PBXNativeTarget;
			buildConfigurationList = F9B6148E2B7F96A500DA8137 /* Build configuration list for PBXNativeTarget "ObservableRealmUITests" */;
			buildPhases = (
				F9B6147A2B7F96A500DA8137 /* Sources */,
				F9B6147B2B7F96A500DA8137 /* Frameworks */,
				F9B6147C2B7F96A500DA8137 /* Resources */,
			);
			buildRules = (
			);
			dependencies = (
				F9B614802B7F96A500DA8137 /* PBXTargetDependency */,
			);
			name = ObservableRealmUITests;
			productName = ObservableRealmUITests;
			productReference = F9B6147E2B7F96A500DA8137 /* ObservableRealmUITests.xctest */;
			productType = "com.apple.product-type.bundle.ui-testing";
		};
/* End PBXNativeTarget section */

/* Begin PBXProject section */
		F9B6145C2B7F96A200DA8137 /* Project object */ = {
			isa = PBXProject;
			attributes = {
				BuildIndependentTargetsInParallel = 1;
				LastSwiftUpdateCheck = 1520;
				LastUpgradeCheck = 1520;
				TargetAttributes = {
					F9B614632B7F96A200DA8137 = {
						CreatedOnToolsVersion = 15.2;
					};
					F9B614732B7F96A500DA8137 = {
						CreatedOnToolsVersion = 15.2;
						TestTargetID = F9B614632B7F96A200DA8137;
					};
					F9B6147D2B7F96A500DA8137 = {
						CreatedOnToolsVersion = 15.2;
						TestTargetID = F9B614632B7F96A200DA8137;
					};
				};
			};
			buildConfigurationList = F9B6145F2B7F96A200DA8137 /* Build configuration list for PBXProject "ObservableRealm" */;
			compatibilityVersion = "Xcode 14.0";
			developmentRegion = en;
			hasScannedForEncodings = 0;
			knownRegions = (
				en,
				Base,
			);
			mainGroup = F9B6145B2B7F96A200DA8137;
			packageReferences = (
				F9AC84102B83E15F007AC135 /* XCRemoteSwiftPackageReference "realm-swift" */,
			);
			productRefGroup = F9B614652B7F96A200DA8137 /* Products */;
			projectDirPath = "";
			projectRoot = "";
			targets = (
				F9B614632B7F96A200DA8137 /* ObservableRealm */,
				F9B614732B7F96A500DA8137 /* ObservableRealmTests */,
				F9B6147D2B7F96A500DA8137 /* ObservableRealmUITests */,
			);
		};
/* End PBXProject section */

/* Begin PBXResourcesBuildPhase section */
		F9B614622B7F96A200DA8137 /* Resources */ = {
			isa = PBXResourcesBuildPhase;
			buildActionMask = 2147483647;
			files = (
				F9B6146F2B7F96A500DA8137 /* Preview Assets.xcassets in Resources */,
				F9B6146C2B7F96A500DA8137 /* Assets.xcassets in Resources */,
			);
			runOnlyForDeploymentPostprocessing = 0;
		};
		F9B614722B7F96A500DA8137 /* Resources */ = {
			isa = PBXResourcesBuildPhase;
			buildActionMask = 2147483647;
			files = (
			);
			runOnlyForDeploymentPostprocessing = 0;
		};
		F9B6147C2B7F96A500DA8137 /* Resources */ = {
			isa = PBXResourcesBuildPhase;
			buildActionMask = 2147483647;
			files = (
			);
			runOnlyForDeploymentPostprocessing = 0;
		};
/* End PBXResourcesBuildPhase section */

/* Begin PBXSourcesBuildPhase section */
		F9B614602B7F96A200DA8137 /* Sources */ = {
			isa = PBXSourcesBuildPhase;
			buildActionMask = 2147483647;
			files = (
				F9AC84192B83E1AA007AC135 /* Item.swift in Sources */,
				F9AC84172B83E1A1007AC135 /* Group.swift in Sources */,
				F9B6146A2B7F96A200DA8137 /* HomeView.swift in Sources */,
				F9B614682B7F96A200DA8137 /* Main.swift in Sources */,
			);
			runOnlyForDeploymentPostprocessing = 0;
		};
		F9B614702B7F96A500DA8137 /* Sources */ = {
			isa = PBXSourcesBuildPhase;
			buildActionMask = 2147483647;
			files = (
				F9B614792B7F96A500DA8137 /* ObservableRealmTests.swift in Sources */,
			);
			runOnlyForDeploymentPostprocessing = 0;
		};
		F9B6147A2B7F96A500DA8137 /* Sources */ = {
			isa = PBXSourcesBuildPhase;
			buildActionMask = 2147483647;
			files = (
				F9B614832B7F96A500DA8137 /* ObservableRealmUITests.swift in Sources */,
				F9B614852B7F96A500DA8137 /* ObservableRealmUITestsLaunchTests.swift in Sources */,
			);
			runOnlyForDeploymentPostprocessing = 0;
		};
/* End PBXSourcesBuildPhase section */

/* Begin PBXTargetDependency section */
		F9B614762B7F96A500DA8137 /* PBXTargetDependency */ = {
			isa = PBXTargetDependency;
			target = F9B614632B7F96A200DA8137 /* ObservableRealm */;
			targetProxy = F9B614752B7F96A500DA8137 /* PBXContainerItemProxy */;
		};
		F9B614802B7F96A500DA8137 /* PBXTargetDependency */ = {
			isa = PBXTargetDependency;
			target = F9B614632B7F96A200DA8137 /* ObservableRealm */;
			targetProxy = F9B6147F2B7F96A500DA8137 /* PBXContainerItemProxy */;
		};
/* End PBXTargetDependency section */

/* Begin XCBuildConfiguration section */
		F9B614862B7F96A500DA8137 /* Debug */ = {
			isa = XCBuildConfiguration;
			buildSettings = {
				ALWAYS_SEARCH_USER_PATHS = NO;
				ASSETCATALOG_COMPILER_GENERATE_SWIFT_ASSET_SYMBOL_EXTENSIONS = YES;
				CLANG_ANALYZER_NONNULL = YES;
				CLANG_ANALYZER_NUMBER_OBJECT_CONVERSION = YES_AGGRESSIVE;
				CLANG_CXX_LANGUAGE_STANDARD = "gnu++20";
				CLANG_ENABLE_MODULES = YES;
				CLANG_ENABLE_OBJC_ARC = YES;
				CLANG_ENABLE_OBJC_WEAK = YES;
				CLANG_WARN_BLOCK_CAPTURE_AUTORELEASING = YES;
				CLANG_WARN_BOOL_CONVERSION = YES;
				CLANG_WARN_COMMA = YES;
				CLANG_WARN_CONSTANT_CONVERSION = YES;
				CLANG_WARN_DEPRECATED_OBJC_IMPLEMENTATIONS = YES;
				CLANG_WARN_DIRECT_OBJC_ISA_USAGE = YES_ERROR;
				CLANG_WARN_DOCUMENTATION_COMMENTS = YES;
				CLANG_WARN_EMPTY_BODY = YES;
				CLANG_WARN_ENUM_CONVERSION = YES;
				CLANG_WARN_INFINITE_RECURSION = YES;
				CLANG_WARN_INT_CONVERSION = YES;
				CLANG_WARN_NON_LITERAL_NULL_CONVERSION = YES;
				CLANG_WARN_OBJC_IMPLICIT_RETAIN_SELF = YES;
				CLANG_WARN_OBJC_LITERAL_CONVERSION = YES;
				CLANG_WARN_OBJC_ROOT_CLASS = YES_ERROR;
				CLANG_WARN_QUOTED_INCLUDE_IN_FRAMEWORK_HEADER = YES;
				CLANG_WARN_RANGE_LOOP_ANALYSIS = YES;
				CLANG_WARN_STRICT_PROTOTYPES = YES;
				CLANG_WARN_SUSPICIOUS_MOVE = YES;
				CLANG_WARN_UNGUARDED_AVAILABILITY = YES_AGGRESSIVE;
				CLANG_WARN_UNREACHABLE_CODE = YES;
				CLANG_WARN__DUPLICATE_METHOD_MATCH = YES;
				COPY_PHASE_STRIP = NO;
				DEBUG_INFORMATION_FORMAT = dwarf;
				ENABLE_STRICT_OBJC_MSGSEND = YES;
				ENABLE_TESTABILITY = YES;
				ENABLE_USER_SCRIPT_SANDBOXING = YES;
				GCC_C_LANGUAGE_STANDARD = gnu17;
				GCC_DYNAMIC_NO_PIC = NO;
				GCC_NO_COMMON_BLOCKS = YES;
				GCC_OPTIMIZATION_LEVEL = 0;
				GCC_PREPROCESSOR_DEFINITIONS = (
					"DEBUG=1",
					"$(inherited)",
				);
				GCC_WARN_64_TO_32_BIT_CONVERSION = YES;
				GCC_WARN_ABOUT_RETURN_TYPE = YES_ERROR;
				GCC_WARN_UNDECLARED_SELECTOR = YES;
				GCC_WARN_UNINITIALIZED_AUTOS = YES_AGGRESSIVE;
				GCC_WARN_UNUSED_FUNCTION = YES;
				GCC_WARN_UNUSED_VARIABLE = YES;
				IPHONEOS_DEPLOYMENT_TARGET = 17.2;
				LOCALIZATION_PREFERS_STRING_CATALOGS = YES;
				MTL_ENABLE_DEBUG_INFO = INCLUDE_SOURCE;
				MTL_FAST_MATH = YES;
				ONLY_ACTIVE_ARCH = YES;
				SDKROOT = iphoneos;
				SWIFT_ACTIVE_COMPILATION_CONDITIONS = "DEBUG $(inherited)";
				SWIFT_OPTIMIZATION_LEVEL = "-Onone";
			};
			name = Debug;
		};
		F9B614872B7F96A500DA8137 /* Release */ = {
			isa = XCBuildConfiguration;
			buildSettings = {
				ALWAYS_SEARCH_USER_PATHS = NO;
				ASSETCATALOG_COMPILER_GENERATE_SWIFT_ASSET_SYMBOL_EXTENSIONS = YES;
				CLANG_ANALYZER_NONNULL = YES;
				CLANG_ANALYZER_NUMBER_OBJECT_CONVERSION = YES_AGGRESSIVE;
				CLANG_CXX_LANGUAGE_STANDARD = "gnu++20";
				CLANG_ENABLE_MODULES = YES;
				CLANG_ENABLE_OBJC_ARC = YES;
				CLANG_ENABLE_OBJC_WEAK = YES;
				CLANG_WARN_BLOCK_CAPTURE_AUTORELEASING = YES;
				CLANG_WARN_BOOL_CONVERSION = YES;
				CLANG_WARN_COMMA = YES;
				CLANG_WARN_CONSTANT_CONVERSION = YES;
				CLANG_WARN_DEPRECATED_OBJC_IMPLEMENTATIONS = YES;
				CLANG_WARN_DIRECT_OBJC_ISA_USAGE = YES_ERROR;
				CLANG_WARN_DOCUMENTATION_COMMENTS = YES;
				CLANG_WARN_EMPTY_BODY = YES;
				CLANG_WARN_ENUM_CONVERSION = YES;
				CLANG_WARN_INFINITE_RECURSION = YES;
				CLANG_WARN_INT_CONVERSION = YES;
				CLANG_WARN_NON_LITERAL_NULL_CONVERSION = YES;
				CLANG_WARN_OBJC_IMPLICIT_RETAIN_SELF = YES;
				CLANG_WARN_OBJC_LITERAL_CONVERSION = YES;
				CLANG_WARN_OBJC_ROOT_CLASS = YES_ERROR;
				CLANG_WARN_QUOTED_INCLUDE_IN_FRAMEWORK_HEADER = YES;
				CLANG_WARN_RANGE_LOOP_ANALYSIS = YES;
				CLANG_WARN_STRICT_PROTOTYPES = YES;
				CLANG_WARN_SUSPICIOUS_MOVE = YES;
				CLANG_WARN_UNGUARDED_AVAILABILITY = YES_AGGRESSIVE;
				CLANG_WARN_UNREACHABLE_CODE = YES;
				CLANG_WARN__DUPLICATE_METHOD_MATCH = YES;
				COPY_PHASE_STRIP = NO;
				DEBUG_INFORMATION_FORMAT = "dwarf-with-dsym";
				ENABLE_NS_ASSERTIONS = NO;
				ENABLE_STRICT_OBJC_MSGSEND = YES;
				ENABLE_USER_SCRIPT_SANDBOXING = YES;
				GCC_C_LANGUAGE_STANDARD = gnu17;
				GCC_NO_COMMON_BLOCKS = YES;
				GCC_WARN_64_TO_32_BIT_CONVERSION = YES;
				GCC_WARN_ABOUT_RETURN_TYPE = YES_ERROR;
				GCC_WARN_UNDECLARED_SELECTOR = YES;
				GCC_WARN_UNINITIALIZED_AUTOS = YES_AGGRESSIVE;
				GCC_WARN_UNUSED_FUNCTION = YES;
				GCC_WARN_UNUSED_VARIABLE = YES;
				IPHONEOS_DEPLOYMENT_TARGET = 17.2;
				LOCALIZATION_PREFERS_STRING_CATALOGS = YES;
				MTL_ENABLE_DEBUG_INFO = NO;
				MTL_FAST_MATH = YES;
				SDKROOT = iphoneos;
				SWIFT_COMPILATION_MODE = wholemodule;
				VALIDATE_PRODUCT = YES;
			};
			name = Release;
		};
		F9B614892B7F96A500DA8137 /* Debug */ = {
			isa = XCBuildConfiguration;
			buildSettings = {
				ASSETCATALOG_COMPILER_APPICON_NAME = AppIcon;
				ASSETCATALOG_COMPILER_GLOBAL_ACCENT_COLOR_NAME = AccentColor;
				CODE_SIGN_STYLE = Automatic;
				CURRENT_PROJECT_VERSION = 1;
				DEVELOPMENT_ASSET_PATHS = "\"ObservableRealm/Preview Content\"";
				ENABLE_PREVIEWS = YES;
				GENERATE_INFOPLIST_FILE = YES;
				INFOPLIST_KEY_UIApplicationSceneManifest_Generation = YES;
				INFOPLIST_KEY_UIApplicationSupportsIndirectInputEvents = YES;
				INFOPLIST_KEY_UILaunchScreen_Generation = YES;
				INFOPLIST_KEY_UISupportedInterfaceOrientations_iPad = "UIInterfaceOrientationPortrait UIInterfaceOrientationPortraitUpsideDown UIInterfaceOrientationLandscapeLeft UIInterfaceOrientationLandscapeRight";
				INFOPLIST_KEY_UISupportedInterfaceOrientations_iPhone = "UIInterfaceOrientationPortrait UIInterfaceOrientationLandscapeLeft UIInterfaceOrientationLandscapeRight";
				LD_RUNPATH_SEARCH_PATHS = (
					"$(inherited)",
					"@executable_path/Frameworks",
				);
				MARKETING_VERSION = 1.0;
				PRODUCT_BUNDLE_IDENTIFIER = com.jngutierrezmorales.ObservableRealm;
				PRODUCT_NAME = "$(TARGET_NAME)";
				SWIFT_EMIT_LOC_STRINGS = YES;
				SWIFT_VERSION = 5.0;
				TARGETED_DEVICE_FAMILY = "1,2";
			};
			name = Debug;
		};
		F9B6148A2B7F96A500DA8137 /* Release */ = {
			isa = XCBuildConfiguration;
			buildSettings = {
				ASSETCATALOG_COMPILER_APPICON_NAME = AppIcon;
				ASSETCATALOG_COMPILER_GLOBAL_ACCENT_COLOR_NAME = AccentColor;
				CODE_SIGN_STYLE = Automatic;
				CURRENT_PROJECT_VERSION = 1;
				DEVELOPMENT_ASSET_PATHS = "\"ObservableRealm/Preview Content\"";
				ENABLE_PREVIEWS = YES;
				GENERATE_INFOPLIST_FILE = YES;
				INFOPLIST_KEY_UIApplicationSceneManifest_Generation = YES;
				INFOPLIST_KEY_UIApplicationSupportsIndirectInputEvents = YES;
				INFOPLIST_KEY_UILaunchScreen_Generation = YES;
				INFOPLIST_KEY_UISupportedInterfaceOrientations_iPad = "UIInterfaceOrientationPortrait UIInterfaceOrientationPortraitUpsideDown UIInterfaceOrientationLandscapeLeft UIInterfaceOrientationLandscapeRight";
				INFOPLIST_KEY_UISupportedInterfaceOrientations_iPhone = "UIInterfaceOrientationPortrait UIInterfaceOrientationLandscapeLeft UIInterfaceOrientationLandscapeRight";
				LD_RUNPATH_SEARCH_PATHS = (
					"$(inherited)",
					"@executable_path/Frameworks",
				);
				MARKETING_VERSION = 1.0;
				PRODUCT_BUNDLE_IDENTIFIER = com.jngutierrezmorales.ObservableRealm;
				PRODUCT_NAME = "$(TARGET_NAME)";
				SWIFT_EMIT_LOC_STRINGS = YES;
				SWIFT_VERSION = 5.0;
				TARGETED_DEVICE_FAMILY = "1,2";
			};
			name = Release;
		};
		F9B6148C2B7F96A500DA8137 /* Debug */ = {
			isa = XCBuildConfiguration;
			buildSettings = {
				ALWAYS_EMBED_SWIFT_STANDARD_LIBRARIES = YES;
				BUNDLE_LOADER = "$(TEST_HOST)";
				CODE_SIGN_STYLE = Automatic;
				CURRENT_PROJECT_VERSION = 1;
				GENERATE_INFOPLIST_FILE = YES;
				IPHONEOS_DEPLOYMENT_TARGET = 17.2;
				MARKETING_VERSION = 1.0;
				PRODUCT_BUNDLE_IDENTIFIER = com.jngutierrezmorales.ObservableRealmTests;
				PRODUCT_NAME = "$(TARGET_NAME)";
				SWIFT_EMIT_LOC_STRINGS = NO;
				SWIFT_VERSION = 5.0;
				TARGETED_DEVICE_FAMILY = "1,2";
				TEST_HOST = "$(BUILT_PRODUCTS_DIR)/ObservableRealm.app/$(BUNDLE_EXECUTABLE_FOLDER_PATH)/ObservableRealm";
			};
			name = Debug;
		};
		F9B6148D2B7F96A500DA8137 /* Release */ = {
			isa = XCBuildConfiguration;
			buildSettings = {
				ALWAYS_EMBED_SWIFT_STANDARD_LIBRARIES = YES;
				BUNDLE_LOADER = "$(TEST_HOST)";
				CODE_SIGN_STYLE = Automatic;
				CURRENT_PROJECT_VERSION = 1;
				GENERATE_INFOPLIST_FILE = YES;
				IPHONEOS_DEPLOYMENT_TARGET = 17.2;
				MARKETING_VERSION = 1.0;
				PRODUCT_BUNDLE_IDENTIFIER = com.jngutierrezmorales.ObservableRealmTests;
				PRODUCT_NAME = "$(TARGET_NAME)";
				SWIFT_EMIT_LOC_STRINGS = NO;
				SWIFT_VERSION = 5.0;
				TARGETED_DEVICE_FAMILY = "1,2";
				TEST_HOST = "$(BUILT_PRODUCTS_DIR)/ObservableRealm.app/$(BUNDLE_EXECUTABLE_FOLDER_PATH)/ObservableRealm";
			};
			name = Release;
		};
		F9B6148F2B7F96A500DA8137 /* Debug */ = {
			isa = XCBuildConfiguration;
			buildSettings = {
				ALWAYS_EMBED_SWIFT_STANDARD_LIBRARIES = YES;
				CODE_SIGN_STYLE = Automatic;
				CURRENT_PROJECT_VERSION = 1;
				GENERATE_INFOPLIST_FILE = YES;
				MARKETING_VERSION = 1.0;
				PRODUCT_BUNDLE_IDENTIFIER = com.jngutierrezmorales.ObservableRealmUITests;
				PRODUCT_NAME = "$(TARGET_NAME)";
				SWIFT_EMIT_LOC_STRINGS = NO;
				SWIFT_VERSION = 5.0;
				TARGETED_DEVICE_FAMILY = "1,2";
				TEST_TARGET_NAME = ObservableRealm;
			};
			name = Debug;
		};
		F9B614902B7F96A500DA8137 /* Release */ = {
			isa = XCBuildConfiguration;
			buildSettings = {
				ALWAYS_EMBED_SWIFT_STANDARD_LIBRARIES = YES;
				CODE_SIGN_STYLE = Automatic;
				CURRENT_PROJECT_VERSION = 1;
				GENERATE_INFOPLIST_FILE = YES;
				MARKETING_VERSION = 1.0;
				PRODUCT_BUNDLE_IDENTIFIER = com.jngutierrezmorales.ObservableRealmUITests;
				PRODUCT_NAME = "$(TARGET_NAME)";
				SWIFT_EMIT_LOC_STRINGS = NO;
				SWIFT_VERSION = 5.0;
				TARGETED_DEVICE_FAMILY = "1,2";
				TEST_TARGET_NAME = ObservableRealm;
			};
			name = Release;
		};
/* End XCBuildConfiguration section */

/* Begin XCConfigurationList section */
		F9B6145F2B7F96A200DA8137 /* Build configuration list for PBXProject "ObservableRealm" */ = {
			isa = XCConfigurationList;
			buildConfigurations = (
				F9B614862B7F96A500DA8137 /* Debug */,
				F9B614872B7F96A500DA8137 /* Release */,
			);
			defaultConfigurationIsVisible = 0;
			defaultConfigurationName = Release;
		};
		F9B614882B7F96A500DA8137 /* Build configuration list for PBXNativeTarget "ObservableRealm" */ = {
			isa = XCConfigurationList;
			buildConfigurations = (
				F9B614892B7F96A500DA8137 /* Debug */,
				F9B6148A2B7F96A500DA8137 /* Release */,
			);
			defaultConfigurationIsVisible = 0;
			defaultConfigurationName = Release;
		};
		F9B6148B2B7F96A500DA8137 /* Build configuration list for PBXNativeTarget "ObservableRealmTests" */ = {
			isa = XCConfigurationList;
			buildConfigurations = (
				F9B6148C2B7F96A500DA8137 /* Debug */,
				F9B6148D2B7F96A500DA8137 /* Release */,
			);
			defaultConfigurationIsVisible = 0;
			defaultConfigurationName = Release;
		};
		F9B6148E2B7F96A500DA8137 /* Build configuration list for PBXNativeTarget "ObservableRealmUITests" */ = {
			isa = XCConfigurationList;
			buildConfigurations = (
				F9B6148F2B7F96A500DA8137 /* Debug */,
				F9B614902B7F96A500DA8137 /* Release */,
			);
			defaultConfigurationIsVisible = 0;
			defaultConfigurationName = Release;
		};
/* End XCConfigurationList section */

/* Begin XCRemoteSwiftPackageReference section */
		F9AC84102B83E15F007AC135 /* XCRemoteSwiftPackageReference "realm-swift" */ = {
			isa = XCRemoteSwiftPackageReference;
			repositoryURL = "https://github.com/realm/realm-swift.git";
			requirement = {
				branch = master;
				kind = branch;
			};
		};
/* End XCRemoteSwiftPackageReference section */

/* Begin XCSwiftPackageProductDependency section */
		F9AC84112B83E15F007AC135 /* Realm */ = {
			isa = XCSwiftPackageProductDependency;
			package = F9AC84102B83E15F007AC135 /* XCRemoteSwiftPackageReference "realm-swift" */;
			productName = Realm;
		};
		F9AC84132B83E15F007AC135 /* RealmSwift */ = {
			isa = XCSwiftPackageProductDependency;
			package = F9AC84102B83E15F007AC135 /* XCRemoteSwiftPackageReference "realm-swift" */;
			productName = RealmSwift;
		};
/* End XCSwiftPackageProductDependency section */
	};
	rootObject = F9B6145C2B7F96A200DA8137 /* Project object */;
}
